
Microsoft Visual Studio Solution File, Format Version 12.00
# Visual Studio Version 17
VisualStudioVersion = 17.11.35222.181
MinimumVisualStudioVersion = 10.0.40219.1
Project("{8BC9CEB8-8B4A-11D0-8D11-00A0C91BC942}") = "Lab_5.1", "Lab_5.1\Lab_5.1.vcxproj", "{BEEE3C0D-D8CF-4CAF-A02A-CD4743168E74}"
EndProject
Project("{8BC9CEB8-8B4A-11D0-8D11-00A0C91BC942}") = "UnitTest2", "UnitTest2\UnitTest2.vcxproj", "{3D899B12-5261-4F79-A3EF-3B75C23B5297}"
EndProject
Global
	GlobalSection(SolutionConfigurationPlatforms) = preSolution
		Debug|x64 = Debug|x64
		Debug|x86 = Debug|x86
		Release|x64 = Release|x64
		Release|x86 = Release|x86
	EndGlobalSection
	GlobalSection(ProjectConfigurationPlatforms) = postSolution
		{BEEE3C0D-D8CF-4CAF-A02A-CD4743168E74}.Debug|x64.ActiveCfg = Debug|x64
		{BEEE3C0D-D8CF-4CAF-A02A-CD4743168E74}.Debug|x64.Build.0 = Debug|x64
		{BEEE3C0D-D8CF-4CAF-A02A-CD4743168E74}.Debug|x86.ActiveCfg = Debug|Win32
		{BEEE3C0D-D8CF-4CAF-A02A-CD4743168E74}.Debug|x86.Build.0 = Debug|Win32
		{BEEE3C0D-D8CF-4CAF-A02A-CD4743168E74}.Release|x64.ActiveCfg = Release|x64
		{BEEE3C0D-D8CF-4CAF-A02A-CD4743168E74}.Release|x64.Build.0 = Release|x64
		{BEEE3C0D-D8CF-4CAF-A02A-CD4743168E74}.Release|x86.ActiveCfg = Release|Win32
		{BEEE3C0D-D8CF-4CAF-A02A-CD4743168E74}.Release|x86.Build.0 = Release|Win32
		{3D899B12-5261-4F79-A3EF-3B75C23B5297}.Debug|x64.ActiveCfg = Debug|x64
		{3D899B12-5261-4F79-A3EF-3B75C23B5297}.Debug|x64.Build.0 = Debug|x64
		{3D899B12-5261-4F79-A3EF-3B75C23B5297}.Debug|x86.ActiveCfg = Debug|Win32
		{3D899B12-5261-4F79-A3EF-3B75C23B5297}.Debug|x86.Build.0 = Debug|Win32
		{3D899B12-5261-4F79-A3EF-3B75C23B5297}.Release|x64.ActiveCfg = Release|x64
		{3D899B12-5261-4F79-A3EF-3B75C23B5297}.Release|x64.Build.0 = Release|x64
		{3D899B12-5261-4F79-A3EF-3B75C23B5297}.Release|x86.ActiveCfg = Release|Win32
		{3D899B12-5261-4F79-A3EF-3B75C23B5297}.Release|x86.Build.0 = Release|Win32
	EndGlobalSection
	GlobalSection(SolutionProperties) = preSolution
		HideSolutionNode = FALSE
	EndGlobalSection
	GlobalSection(ExtensibilityGlobals) = postSolution
		SolutionGuid = {7F2BCDCB-4383-4199-A524-C1B7C6EAA9BA}
	EndGlobalSection
EndGlobal
